
Microsoft Visual Studio Solution File, Format Version 12.00
# Visual Studio Version 17
VisualStudioVersion = 17.8.34309.116
MinimumVisualStudioVersion = 10.0.40219.1
Project("{9A19103F-16F7-4668-BE54-9A1E7A4F7556}") = "CultOfJakito.UltraTelephone2", "CultOfJakito.UltraTelephone2\CultOfJakito.UltraTelephone2.csproj", "{44CBC9C9-CAB9-4672-B4C6-897C8F48C75C}"
EndProject
Project("{2150E333-8FDC-42A3-9474-1A3956D46DE8}") = "Solution Items", "Solution Items", "{68609FB9-8E28-449A-A23D-A4AE85735D4D}"
	ProjectSection(SolutionItems) = preProject
		.gitignore = .gitignore
	EndProjectSection
EndProject
Global
	GlobalSection(SolutionConfigurationPlatforms) = preSolution
		Debug|Any CPU = Debug|Any CPU
		Release|Any CPU = Release|Any CPU
	EndGlobalSection
	GlobalSection(ProjectConfigurationPlatforms) = postSolution
		{44CBC9C9-CAB9-4672-B4C6-897C8F48C75C}.Debug|Any CPU.ActiveCfg = Debug|Any CPU
		{44CBC9C9-CAB9-4672-B4C6-897C8F48C75C}.Debug|Any CPU.Build.0 = Debug|Any CPU
		{44CBC9C9-CAB9-4672-B4C6-897C8F48C75C}.Release|Any CPU.ActiveCfg = Release|Any CPU
		{44CBC9C9-CAB9-4672-B4C6-897C8F48C75C}.Release|Any CPU.Build.0 = Release|Any CPU
	EndGlobalSection
	GlobalSection(SolutionProperties) = preSolution
		HideSolutionNode = FALSE
	EndGlobalSection
	GlobalSection(ExtensibilityGlobals) = postSolution
		SolutionGuid = {3D646830-7079-42D3-91FB-556CD0C71DBE}
	EndGlobalSection
EndGlobal
